
Microsoft Visual Studio Solution File, Format Version 12.00
# Visual Studio 15
VisualStudioVersion = 15.0.28307.1525
MinimumVisualStudioVersion = 10.0.40219.1
Project("{FAE04EC0-301F-11D3-BF4B-00C04F79EFBC}") = "PersonalSite", "..\..\..\Documents\Visual Studio 2017\Projects\01_FED1\PersonalSite\PersonalSite.csproj", "{253C8482-8C44-4A58-B4E0-8AD141D543D8}"
EndProject
Global
	GlobalSection(SolutionConfigurationPlatforms) = preSolution
		Debug|Any CPU = Debug|Any CPU
		Release|Any CPU = Release|Any CPU
	EndGlobalSection
	GlobalSection(ProjectConfigurationPlatforms) = postSolution
		{253C8482-8C44-4A58-B4E0-8AD141D543D8}.Debug|Any CPU.ActiveCfg = Debug|Any CPU
		{253C8482-8C44-4A58-B4E0-8AD141D543D8}.Debug|Any CPU.Build.0 = Debug|Any CPU
		{253C8482-8C44-4A58-B4E0-8AD141D543D8}.Release|Any CPU.ActiveCfg = Release|Any CPU
		{253C8482-8C44-4A58-B4E0-8AD141D543D8}.Release|Any CPU.Build.0 = Release|Any CPU
	EndGlobalSection
	GlobalSection(SolutionProperties) = preSolution
		HideSolutionNode = FALSE
	EndGlobalSection
	GlobalSection(ExtensibilityGlobals) = postSolution
		SolutionGuid = {49728164-AE48-40EE-A640-2CFA491AD2EF}
	EndGlobalSection
EndGlobal
